
Microsoft Visual Studio Solution File, Format Version 12.00
# Visual Studio Version 17
VisualStudioVersion = 17.0.31903.59
MinimumVisualStudioVersion = 10.0.40219.1
Project("{2150E333-8FDC-42A3-9474-1A3956D46DE8}") = "src", "src", "{8EBA5844-4C39-40B7-9458-9F3E78E9153C}"
EndProject
Project("{FAE04EC0-301F-11D3-BF4B-00C04F79EFBC}") = "Day01", "src\Day01\Day01.csproj", "{8ED48AE5-D078-4322-98EE-99049CAC8A27}"
EndProject
Project("{2150E333-8FDC-42A3-9474-1A3956D46DE8}") = "tests", "tests", "{3E570902-1620-4070-8151-AA8318A3AAC2}"
EndProject
Project("{FAE04EC0-301F-11D3-BF4B-00C04F79EFBC}") = "Day01.Tests", "tests\Day01.Tests\Day01.Tests.csproj", "{C7438775-88CF-4CD7-8AFE-952807EA7BCF}"
EndProject
Project("{FAE04EC0-301F-11D3-BF4B-00C04F79EFBC}") = "InputLoader", "src\InputLoader\InputLoader.csproj", "{04AD8F02-DBCA-492D-BE0B-E0011D467C68}"
EndProject
Project("{FAE04EC0-301F-11D3-BF4B-00C04F79EFBC}") = "Day02", "src\Day02\Day02.csproj", "{CC160C97-8B17-4596-A59C-A64FB7D0B19F}"
EndProject
Project("{FAE04EC0-301F-11D3-BF4B-00C04F79EFBC}") = "Day02.Tests", "tests\Day02.Tests\Day02.Tests.csproj", "{A730A7CE-344D-4968-A16C-7B0853BE859A}"
EndProject
Global
	GlobalSection(SolutionConfigurationPlatforms) = preSolution
		Debug|Any CPU = Debug|Any CPU
		Release|Any CPU = Release|Any CPU
	EndGlobalSection
	GlobalSection(SolutionProperties) = preSolution
		HideSolutionNode = FALSE
	EndGlobalSection
	GlobalSection(ProjectConfigurationPlatforms) = postSolution
		{8ED48AE5-D078-4322-98EE-99049CAC8A27}.Debug|Any CPU.ActiveCfg = Debug|Any CPU
		{8ED48AE5-D078-4322-98EE-99049CAC8A27}.Debug|Any CPU.Build.0 = Debug|Any CPU
		{8ED48AE5-D078-4322-98EE-99049CAC8A27}.Release|Any CPU.ActiveCfg = Release|Any CPU
		{8ED48AE5-D078-4322-98EE-99049CAC8A27}.Release|Any CPU.Build.0 = Release|Any CPU
		{C7438775-88CF-4CD7-8AFE-952807EA7BCF}.Debug|Any CPU.ActiveCfg = Debug|Any CPU
		{C7438775-88CF-4CD7-8AFE-952807EA7BCF}.Debug|Any CPU.Build.0 = Debug|Any CPU
		{C7438775-88CF-4CD7-8AFE-952807EA7BCF}.Release|Any CPU.ActiveCfg = Release|Any CPU
		{C7438775-88CF-4CD7-8AFE-952807EA7BCF}.Release|Any CPU.Build.0 = Release|Any CPU
		{04AD8F02-DBCA-492D-BE0B-E0011D467C68}.Debug|Any CPU.ActiveCfg = Debug|Any CPU
		{04AD8F02-DBCA-492D-BE0B-E0011D467C68}.Debug|Any CPU.Build.0 = Debug|Any CPU
		{04AD8F02-DBCA-492D-BE0B-E0011D467C68}.Release|Any CPU.ActiveCfg = Release|Any CPU
		{04AD8F02-DBCA-492D-BE0B-E0011D467C68}.Release|Any CPU.Build.0 = Release|Any CPU
		{CC160C97-8B17-4596-A59C-A64FB7D0B19F}.Debug|Any CPU.ActiveCfg = Debug|Any CPU
		{CC160C97-8B17-4596-A59C-A64FB7D0B19F}.Debug|Any CPU.Build.0 = Debug|Any CPU
		{CC160C97-8B17-4596-A59C-A64FB7D0B19F}.Release|Any CPU.ActiveCfg = Release|Any CPU
		{CC160C97-8B17-4596-A59C-A64FB7D0B19F}.Release|Any CPU.Build.0 = Release|Any CPU
		{A730A7CE-344D-4968-A16C-7B0853BE859A}.Debug|Any CPU.ActiveCfg = Debug|Any CPU
		{A730A7CE-344D-4968-A16C-7B0853BE859A}.Debug|Any CPU.Build.0 = Debug|Any CPU
		{A730A7CE-344D-4968-A16C-7B0853BE859A}.Release|Any CPU.ActiveCfg = Release|Any CPU
		{A730A7CE-344D-4968-A16C-7B0853BE859A}.Release|Any CPU.Build.0 = Release|Any CPU
	EndGlobalSection
	GlobalSection(NestedProjects) = preSolution
		{8ED48AE5-D078-4322-98EE-99049CAC8A27} = {8EBA5844-4C39-40B7-9458-9F3E78E9153C}
		{C7438775-88CF-4CD7-8AFE-952807EA7BCF} = {3E570902-1620-4070-8151-AA8318A3AAC2}
		{04AD8F02-DBCA-492D-BE0B-E0011D467C68} = {8EBA5844-4C39-40B7-9458-9F3E78E9153C}
		{CC160C97-8B17-4596-A59C-A64FB7D0B19F} = {8EBA5844-4C39-40B7-9458-9F3E78E9153C}
		{A730A7CE-344D-4968-A16C-7B0853BE859A} = {3E570902-1620-4070-8151-AA8318A3AAC2}
	EndGlobalSection
EndGlobal
